
Microsoft Visual Studio Solution File, Format Version 12.00
# Visual Studio Version 17
VisualStudioVersion = 17.5.002.0
MinimumVisualStudioVersion = 10.0.40219.1
Project("{9A19103F-16F7-4668-BE54-9A1E7A4F7556}") = "LinkedLists", "LinkedLists.csproj", "{ADEA323C-A2BB-4178-8AB3-C0218243DCD3}"
EndProject
Global
	GlobalSection(SolutionConfigurationPlatforms) = preSolution
		Debug|Any CPU = Debug|Any CPU
		Release|Any CPU = Release|Any CPU
	EndGlobalSection
	GlobalSection(ProjectConfigurationPlatforms) = postSolution
		{ADEA323C-A2BB-4178-8AB3-C0218243DCD3}.Debug|Any CPU.ActiveCfg = Debug|Any CPU
		{ADEA323C-A2BB-4178-8AB3-C0218243DCD3}.Debug|Any CPU.Build.0 = Debug|Any CPU
		{ADEA323C-A2BB-4178-8AB3-C0218243DCD3}.Release|Any CPU.ActiveCfg = Release|Any CPU
		{ADEA323C-A2BB-4178-8AB3-C0218243DCD3}.Release|Any CPU.Build.0 = Release|Any CPU
	EndGlobalSection
	GlobalSection(SolutionProperties) = preSolution
		HideSolutionNode = FALSE
	EndGlobalSection
	GlobalSection(ExtensibilityGlobals) = postSolution
		SolutionGuid = {63BA4002-DF77-433D-B948-959C9C9B12FD}
	EndGlobalSection
EndGlobal
